# This file is @generated by PDM.
# It is not intended for manual editing.

[metadata]
groups = ["default"]
strategy = ["inherit_metadata"]
lock_version = "4.5.0"
content_hash = "sha256:6fd4a2c548144b2425d6c615a525a4fb1474a18c53afbddf88835a2b613404db"

[[metadata.targets]]
requires_python = ">=3.12"

[[package]]
name = "libtmux"
version = "0.53.0"
requires_python = "<4.0,>=3.10"
summary = "Typed library that provides an ORM wrapper for tmux, a terminal multiplexer."
groups = ["default"]
files = [
    {file = "libtmux-0.53.0-py3-none-any.whl", hash = "sha256:024b7ae6a12aae55358e8feb914c8632b3ab9bd61c0987c53559643c6a58ee4f"},
    {file = "libtmux-0.53.0.tar.gz", hash = "sha256:1d19af4cea0c19543954d7e7317c7025c0739b029cccbe3b843212fae238f1bd"},
]
